schema: '2.0'
stages:
  data_ingestion:
    cmd: python src/data_ingestion.py
    deps:
    - path: src/data_ingestion.py
      hash: md5
      md5: c1b408c14eb8fe2b9fbf2053e071d503
      size: 3193
    outs:
    - path: data/raw
      hash: md5
      md5: b855e2bab4e21078d44844fee5be9da3.dir
      size: 6882906
      nfiles: 2
  data_preprocessing:
    cmd: python src/data_preprocessing.py
    deps:
    - path: data/raw/
      hash: md5
      md5: b855e2bab4e21078d44844fee5be9da3.dir
      size: 6882906
      nfiles: 2
    - path: src/data_preprocessing.py
      hash: md5
      md5: 40a0b57eb670209af1a7d7b7afacfdae
      size: 3544
    outs:
    - path: data/processed/test_processed.csv
      hash: md5
      md5: 5b260b8114240fb9c541c0d07b150b14
      size: 993166
    - path: data/processed/train_processed.csv
      hash: md5
      md5: 86284f4698366b0f2ee05c211c0e9453
      size: 4104889
  feature_engineering:
    cmd: python src/feature_engineering.py
    deps:
    - path: data/processed
      hash: md5
      md5: a2bbccdc23dd271231099f8d5c99ff87.dir
      size: 5098055
      nfiles: 2
    - path: src/feature_engineering.py
      hash: md5
      md5: 1030ab6a233fafb5c5a7b7357ce8481c
      size: 3695
    outs:
    - path: data/feature-engineered
      hash: md5
      md5: ffc5b0a79a3bd3266c76f50b1d859253.dir
      size: 122163204
      nfiles: 1
    - path: models/tfidf_vectorizer.pkl
      hash: md5
      md5: 577a1e4e948129cdfdfacf1196962b06
      size: 36630
  model_building:
    cmd: python src/model_building.py
    deps:
    - path: data/processed/train_processed.csv
      hash: md5
      md5: 86284f4698366b0f2ee05c211c0e9453
      size: 4104889
    - path: src/model_building.py
      hash: md5
      md5: 98dfae3a272ad77a49c4b96fc6c4c197
      size: 4706
    outs:
    - path: models/lgbm_model.pkl
      hash: md5
      md5: 54bb499fdd33b1449a487197baeddc3e
      size: 3904340
    - path: models/tfidf_vectorizer.pkl
      hash: md5
      md5: d444a36b6bfea21afe3071c8ad5b34f0
      size: 36871
  model_evaluation:
    cmd: python src/model_evaluation.py
    deps:
    - path: data/processed/test_processed.csv
      hash: md5
      md5: 5b260b8114240fb9c541c0d07b150b14
      size: 993166
    - path: models/lgbm_model.pkl
      hash: md5
      md5: 54bb499fdd33b1449a487197baeddc3e
      size: 3904340
    - path: models/tfidf_vectorizer.pkl
      hash: md5
      md5: d444a36b6bfea21afe3071c8ad5b34f0
      size: 36871
    - path: src/model_evaluation.py
      hash: md5
      md5: d5fab3c32b8c1f3618bc1bd9127e9eee
      size: 3523
    outs:
    - path: reports/confusion_matrix.png
      hash: md5
      md5: 44e06bc09d118a364ea2cf45c1ac3dad
      size: 21331
    - path: reports/metrics.json
      hash: md5
      md5: b88efac7c51f7a69c3d48a5a8a08aac9
      size: 870
